
Microsoft Visual Studio Solution File, Format Version 12.00
# Visual Studio 14
VisualStudioVersion = 14.0.25123.0
MinimumVisualStudioVersion = 10.0.40219.1
Project("{FAE04EC0-301F-11D3-BF4B-00C04F79EFBC}") = "GlobalWeather", "GlobalWeather\GlobalWeather.csproj", "{9D030877-ADDF-418E-B08D-0FE2B8C5B0FF}"
EndProject
Project("{FAE04EC0-301F-11D3-BF4B-00C04F79EFBC}") = "GlobalWeather.Tests", "GlobalWeather.Tests\GlobalWeather.Tests.csproj", "{2B21B23B-A9B0-40A0-B718-F37F2B1E8966}"
EndProject
Project("{FAE04EC0-301F-11D3-BF4B-00C04F79EFBC}") = "GlobalWeatherApi.Tests", "GlobalWeatherApi.Tests\GlobalWeatherApi.Tests.csproj", "{52423CE8-68B9-431D-BB9E-5F67939BF77B}"
EndProject
Project("{FAE04EC0-301F-11D3-BF4B-00C04F79EFBC}") = "GlobalWeather.Dtos", "GlobalWeather.Dtos\GlobalWeather.Dtos.csproj", "{1C758F5C-D125-405C-A3AB-8FB203D7F649}"
EndProject
Project("{FAE04EC0-301F-11D3-BF4B-00C04F79EFBC}") = "GlobalWeatherApi", "GlobalWeatherApi\GlobalWeatherApi.csproj", "{D07D1956-CB88-45B8-9A70-47950408512D}"
EndProject
Global
	GlobalSection(SolutionConfigurationPlatforms) = preSolution
		Debug|Any CPU = Debug|Any CPU
		Release|Any CPU = Release|Any CPU
	EndGlobalSection
	GlobalSection(ProjectConfigurationPlatforms) = postSolution
		{9D030877-ADDF-418E-B08D-0FE2B8C5B0FF}.Debug|Any CPU.ActiveCfg = Debug|Any CPU
		{9D030877-ADDF-418E-B08D-0FE2B8C5B0FF}.Debug|Any CPU.Build.0 = Debug|Any CPU
		{9D030877-ADDF-418E-B08D-0FE2B8C5B0FF}.Release|Any CPU.ActiveCfg = Release|Any CPU
		{9D030877-ADDF-418E-B08D-0FE2B8C5B0FF}.Release|Any CPU.Build.0 = Release|Any CPU
		{2B21B23B-A9B0-40A0-B718-F37F2B1E8966}.Debug|Any CPU.ActiveCfg = Debug|Any CPU
		{2B21B23B-A9B0-40A0-B718-F37F2B1E8966}.Debug|Any CPU.Build.0 = Debug|Any CPU
		{2B21B23B-A9B0-40A0-B718-F37F2B1E8966}.Release|Any CPU.ActiveCfg = Release|Any CPU
		{2B21B23B-A9B0-40A0-B718-F37F2B1E8966}.Release|Any CPU.Build.0 = Release|Any CPU
		{52423CE8-68B9-431D-BB9E-5F67939BF77B}.Debug|Any CPU.ActiveCfg = Debug|Any CPU
		{52423CE8-68B9-431D-BB9E-5F67939BF77B}.Debug|Any CPU.Build.0 = Debug|Any CPU
		{52423CE8-68B9-431D-BB9E-5F67939BF77B}.Release|Any CPU.ActiveCfg = Release|Any CPU
		{52423CE8-68B9-431D-BB9E-5F67939BF77B}.Release|Any CPU.Build.0 = Release|Any CPU
		{1C758F5C-D125-405C-A3AB-8FB203D7F649}.Debug|Any CPU.ActiveCfg = Debug|Any CPU
		{1C758F5C-D125-405C-A3AB-8FB203D7F649}.Debug|Any CPU.Build.0 = Debug|Any CPU
		{1C758F5C-D125-405C-A3AB-8FB203D7F649}.Release|Any CPU.ActiveCfg = Release|Any CPU
		{1C758F5C-D125-405C-A3AB-8FB203D7F649}.Release|Any CPU.Build.0 = Release|Any CPU
		{D07D1956-CB88-45B8-9A70-47950408512D}.Debug|Any CPU.ActiveCfg = Debug|Any CPU
		{D07D1956-CB88-45B8-9A70-47950408512D}.Debug|Any CPU.Build.0 = Debug|Any CPU
		{D07D1956-CB88-45B8-9A70-47950408512D}.Release|Any CPU.ActiveCfg = Release|Any CPU
		{D07D1956-CB88-45B8-9A70-47950408512D}.Release|Any CPU.Build.0 = Release|Any CPU
	EndGlobalSection
	GlobalSection(SolutionProperties) = preSolution
		HideSolutionNode = FALSE
	EndGlobalSection
EndGlobal
